<Solution>
  <Project Path="WarSimulation.Runtime.csproj" />
  <Project Path="WarSimulation.Editor.csproj" />
  <Project Path="UnityCliBridge.PlayModeTests.csproj" />
  <Project Path="UnityCliBridge.Editor.csproj" />
  <Project Path="EditModeTests.csproj" />
  <Project Path="UnityCliBridge.Runtime.csproj" />
  <Project Path="Assembly-CSharp-Editor.csproj" />
  <Project Path="Assembly-CSharp.csproj" />
  <Project Path="PlayModeTests.csproj" />
</Solution>
