<Solution>
  <Project Path="WarSimulation.Combat.csproj" />
  <Project Path="EditModeTests.csproj" />
  <Project Path="WarSimulation.Editor.csproj" />
  <Project Path="Assembly-CSharp-Editor.csproj" />
  <Project Path="WarSimulation.Runtime.csproj" />
  <Project Path="WarSimulation.Development.csproj" />
  <Project Path="WarSimulation.Country.csproj" />
  <Project Path="Assembly-CSharp.csproj" />
</Solution>
